
Microsoft Visual Studio Solution File, Format Version 12.00
# Visual Studio Version 16
VisualStudioVersion = 16.0.32510.428
MinimumVisualStudioVersion = 10.0.40219.1
Project("{FAE04EC0-301F-11D3-BF4B-00C04F79EFBC}") = "web", "proyecto-curso\web.csproj", "{3DF01D5E-D817-498E-93B4-6A1DAA1932CF}"
EndProject
Project("{FAE04EC0-301F-11D3-BF4B-00C04F79EFBC}") = "Dominio", "Dominio\Dominio.csproj", "{157F53C8-5D41-4231-ACBD-E96AAFD949E1}"
EndProject
Project("{FAE04EC0-301F-11D3-BF4B-00C04F79EFBC}") = "negocio", "negocio\negocio.csproj", "{B94BEB10-28A6-4360-A861-016D21360FCD}"
EndProject
Project("{FAE04EC0-301F-11D3-BF4B-00C04F79EFBC}") = "acceso_datos", "acceso-datos\acceso_datos.csproj", "{E8AED8C6-6F35-4566-AF96-79560572858A}"
EndProject
Global
	GlobalSection(SolutionConfigurationPlatforms) = preSolution
		Debug|Any CPU = Debug|Any CPU
		Release|Any CPU = Release|Any CPU
	EndGlobalSection
	GlobalSection(ProjectConfigurationPlatforms) = postSolution
		{3DF01D5E-D817-498E-93B4-6A1DAA1932CF}.Debug|Any CPU.ActiveCfg = Debug|Any CPU
		{3DF01D5E-D817-498E-93B4-6A1DAA1932CF}.Debug|Any CPU.Build.0 = Debug|Any CPU
		{3DF01D5E-D817-498E-93B4-6A1DAA1932CF}.Release|Any CPU.ActiveCfg = Release|Any CPU
		{3DF01D5E-D817-498E-93B4-6A1DAA1932CF}.Release|Any CPU.Build.0 = Release|Any CPU
		{157F53C8-5D41-4231-ACBD-E96AAFD949E1}.Debug|Any CPU.ActiveCfg = Debug|Any CPU
		{157F53C8-5D41-4231-ACBD-E96AAFD949E1}.Debug|Any CPU.Build.0 = Debug|Any CPU
		{157F53C8-5D41-4231-ACBD-E96AAFD949E1}.Release|Any CPU.ActiveCfg = Release|Any CPU
		{157F53C8-5D41-4231-ACBD-E96AAFD949E1}.Release|Any CPU.Build.0 = Release|Any CPU
		{B94BEB10-28A6-4360-A861-016D21360FCD}.Debug|Any CPU.ActiveCfg = Debug|Any CPU
		{B94BEB10-28A6-4360-A861-016D21360FCD}.Debug|Any CPU.Build.0 = Debug|Any CPU
		{B94BEB10-28A6-4360-A861-016D21360FCD}.Release|Any CPU.ActiveCfg = Release|Any CPU
		{B94BEB10-28A6-4360-A861-016D21360FCD}.Release|Any CPU.Build.0 = Release|Any CPU
		{E8AED8C6-6F35-4566-AF96-79560572858A}.Debug|Any CPU.ActiveCfg = Debug|Any CPU
		{E8AED8C6-6F35-4566-AF96-79560572858A}.Debug|Any CPU.Build.0 = Debug|Any CPU
		{E8AED8C6-6F35-4566-AF96-79560572858A}.Release|Any CPU.ActiveCfg = Release|Any CPU
		{E8AED8C6-6F35-4566-AF96-79560572858A}.Release|Any CPU.Build.0 = Release|Any CPU
	EndGlobalSection
	GlobalSection(SolutionProperties) = preSolution
		HideSolutionNode = FALSE
	EndGlobalSection
	GlobalSection(ExtensibilityGlobals) = postSolution
		SolutionGuid = {C6F32CC3-79C3-4CD7-8DB9-112DD0947557}
	EndGlobalSection
EndGlobal
